
Microsoft Visual Studio Solution File, Format Version 12.00
# Visual Studio 15
VisualStudioVersion = 15.0.28307.1000
MinimumVisualStudioVersion = 10.0.40219.1
Project("{FAE04EC0-301F-11D3-BF4B-00C04F79EFBC}") = "ThingsAndThinkers", "ThingsAndThinkers\ThingsAndThinkers.csproj", "{2B0B518E-5F9F-4141-BD08-54E834F065EB}"
EndProject
Global
	GlobalSection(SolutionConfigurationPlatforms) = preSolution
		Debug|Any CPU = Debug|Any CPU
		Release|Any CPU = Release|Any CPU
	EndGlobalSection
	GlobalSection(ProjectConfigurationPlatforms) = postSolution
		{2B0B518E-5F9F-4141-BD08-54E834F065EB}.Debug|Any CPU.ActiveCfg = Debug|Any CPU
		{2B0B518E-5F9F-4141-BD08-54E834F065EB}.Debug|Any CPU.Build.0 = Debug|Any CPU
		{2B0B518E-5F9F-4141-BD08-54E834F065EB}.Release|Any CPU.ActiveCfg = Release|Any CPU
		{2B0B518E-5F9F-4141-BD08-54E834F065EB}.Release|Any CPU.Build.0 = Release|Any CPU
	EndGlobalSection
	GlobalSection(SolutionProperties) = preSolution
		HideSolutionNode = FALSE
	EndGlobalSection
	GlobalSection(ExtensibilityGlobals) = postSolution
		SolutionGuid = {54DA266D-F130-4B93-AEBA-CC576D6ECE0F}
	EndGlobalSection
EndGlobal
